// !$*UTF8*$!
{
	archiveVersion = 1;
	classes = {
	};
	objectVersion = 51;
	objects = {

/* Begin PBXBuildFile section */
		9DA7BC5F257942E600BC81E2 /* AppDelegate.swift in Sources */ = {isa = PBXBuildFile; fileRef = 9DA7BC5E257942E600BC81E2 /* AppDelegate.swift */; };
		9DA7BC61257942E600BC81E2 /* SceneDelegate.swift in Sources */ = {isa = PBXBuildFile; fileRef = 9DA7BC60257942E600BC81E2 /* SceneDelegate.swift */; };
		9DA7BC63257942E600BC81E2 /* MoviesViewController.swift in Sources */ = {isa = PBXBuildFile; fileRef = 9DA7BC62257942E600BC81E2 /* MoviesViewController.swift */; };
		9DA7BC66257942E600BC81E2 /* Main.storyboard in Resources */ = {isa = PBXBuildFile; fileRef = 9DA7BC64257942E600BC81E2 /* Main.storyboard */; };
		9DA7BC68257942E800BC81E2 /* Assets.xcassets in Resources */ = {isa = PBXBuildFile; fileRef = 9DA7BC67257942E800BC81E2 /* Assets.xcassets */; };
		9DA7BC6B257942E800BC81E2 /* LaunchScreen.storyboard in Resources */ = {isa = PBXBuildFile; fileRef = 9DA7BC69257942E800BC81E2 /* LaunchScreen.storyboard */; };
		9DA7BC772579452000BC81E2 /* Movie.swift in Sources */ = {isa = PBXBuildFile; fileRef = 9DA7BC762579452000BC81E2 /* Movie.swift */; };
		9DA7BC792579474E00BC81E2 /* ViewModelMovie.swift in Sources */ = {isa = PBXBuildFile; fileRef = 9DA7BC782579474E00BC81E2 /* ViewModelMovie.swift */; };
		9DA7BC7C25794B9000BC81E2 /* TVShowAPI.swift in Sources */ = {isa = PBXBuildFile; fileRef = 9DA7BC7B25794B9000BC81E2 /* TVShowAPI.swift */; };
		9DA7BC7F25794C1700BC81E2 /* String + Extension.swift in Sources */ = {isa = PBXBuildFile; fileRef = 9DA7BC7E25794C1700BC81E2 /* String + Extension.swift */; };
		9DA7BC8325794CDC00BC81E2 /* CustomTableViewCell.swift in Sources */ = {isa = PBXBuildFile; fileRef = 9DA7BC8125794CDC00BC81E2 /* CustomTableViewCell.swift */; };
		9DA7BC8425794CDC00BC81E2 /* CustomTableViewCell.xib in Resources */ = {isa = PBXBuildFile; fileRef = 9DA7BC8225794CDC00BC81E2 /* CustomTableViewCell.xib */; };
		9DA7BC882579748200BC81E2 /* OneMovieViewController.swift in Sources */ = {isa = PBXBuildFile; fileRef = 9DA7BC872579748200BC81E2 /* OneMovieViewController.swift */; };
		ADDB4E3132F8D3C6E6335970 /* Pods_MVVMTVShow.framework in Frameworks */ = {isa = PBXBuildFile; fileRef = CD1B957063271CED906F140A /* Pods_MVVMTVShow.framework */; };
/* End PBXBuildFile section */

/* Begin PBXFileReference section */
		9DA7BC5B257942E600BC81E2 /* MVVMTVShow.app */ = {isa = PBXFileReference; explicitFileType = wrapper.application; includeInIndex = 0; path = MVVMTVShow.app; sourceTree = BUILT_PRODUCTS_DIR; };
		9DA7BC5E257942E600BC81E2 /* AppDelegate.swift */ = {isa = PBXFileReference; lastKnownFileType = sourcecode.swift; path = AppDelegate.swift; sourceTree = "<group>"; };
		9DA7BC60257942E600BC81E2 /* SceneDelegate.swift */ = {isa = PBXFileReference; lastKnownFileType = sourcecode.swift; path = SceneDelegate.swift; sourceTree = "<group>"; };
		9DA7BC62257942E600BC81E2 /* MoviesViewController.swift */ = {isa = PBXFileReference; lastKnownFileType = sourcecode.swift; path = MoviesViewController.swift; sourceTree = "<group>"; };
		9DA7BC65257942E600BC81E2 /* Base */ = {isa = PBXFileReference; lastKnownFileType = file.storyboard; name = Base; path = Base.lproj/Main.storyboard; sourceTree = "<group>"; };
		9DA7BC67257942E800BC81E2 /* Assets.xcassets */ = {isa = PBXFileReference; lastKnownFileType = folder.assetcatalog; path = Assets.xcassets; sourceTree = "<group>"; };
		9DA7BC6A257942E800BC81E2 /* Base */ = {isa = PBXFileReference; lastKnownFileType = file.storyboard; name = Base; path = Base.lproj/LaunchScreen.storyboard; sourceTree = "<group>"; };
		9DA7BC6C257942E800BC81E2 /* Info.plist */ = {isa = PBXFileReference; lastKnownFileType = text.plist.xml; path = Info.plist; sourceTree = "<group>"; };
		9DA7BC762579452000BC81E2 /* Movie.swift */ = {isa = PBXFileReference; lastKnownFileType = sourcecode.swift; path = Movie.swift; sourceTree = "<group>"; };
		9DA7BC782579474E00BC81E2 /* ViewModelMovie.swift */ = {isa = PBXFileReference; lastKnownFileType = sourcecode.swift; path = ViewModelMovie.swift; sourceTree = "<group>"; };
		9DA7BC7B25794B9000BC81E2 /* TVShowAPI.swift */ = {isa = PBXFileReference; lastKnownFileType = sourcecode.swift; path = TVShowAPI.swift; sourceTree = "<group>"; };
		9DA7BC7E25794C1700BC81E2 /* String + Extension.swift */ = {isa = PBXFileReference; lastKnownFileType = sourcecode.swift; path = "String + Extension.swift"; sourceTree = "<group>"; };
		9DA7BC8125794CDC00BC81E2 /* CustomTableViewCell.swift */ = {isa = PBXFileReference; lastKnownFileType = sourcecode.swift; path = CustomTableViewCell.swift; sourceTree = "<group>"; };
		9DA7BC8225794CDC00BC81E2 /* CustomTableViewCell.xib */ = {isa = PBXFileReference; lastKnownFileType = file.xib; path = CustomTableViewCell.xib; sourceTree = "<group>"; };
		9DA7BC872579748200BC81E2 /* OneMovieViewController.swift */ = {isa = PBXFileReference; lastKnownFileType = sourcecode.swift; path = OneMovieViewController.swift; sourceTree = "<group>"; };
		CD1B957063271CED906F140A /* Pods_MVVMTVShow.framework */ = {isa = PBXFileReference; explicitFileType = wrapper.framework; includeInIndex = 0; path = Pods_MVVMTVShow.framework; sourceTree = BUILT_PRODUCTS_DIR; };
		D2DF2A4FF6AD039187997DF3 /* Pods-MVVMTVShow.debug.xcconfig */ = {isa = PBXFileReference; includeInIndex = 1; lastKnownFileType = text.xcconfig; name = "Pods-MVVMTVShow.debug.xcconfig"; path = "Target Support Files/Pods-MVVMTVShow/Pods-MVVMTVShow.debug.xcconfig"; sourceTree = "<group>"; };
		F286285E0C0D2ED7DF46539B /* Pods-MVVMTVShow.release.xcconfig */ = {isa = PBXFileReference; includeInIndex = 1; lastKnownFileType = text.xcconfig; name = "Pods-MVVMTVShow.release.xcconfig"; path = "Target Support Files/Pods-MVVMTVShow/Pods-MVVMTVShow.release.xcconfig"; sourceTree = "<group>"; };
/* End PBXFileReference section */

/* Begin PBXFrameworksBuildPhase section */
		9DA7BC58257942E600BC81E2 /* Frameworks */ = {
			isa = PBXFrameworksBuildPhase;
			buildActionMask = 2147483647;
			files = (
				ADDB4E3132F8D3C6E6335970 /* Pods_MVVMTVShow.framework in Frameworks */,
			);
			runOnlyForDeploymentPostprocessing = 0;
		};
/* End PBXFrameworksBuildPhase section */

/* Begin PBXGroup section */
		174A59EF4031053E0ECD9390 /* Frameworks */ = {
			isa = PBXGroup;
			children = (
				CD1B957063271CED906F140A /* Pods_MVVMTVShow.framework */,
			);
			name = Frameworks;
			sourceTree = "<group>";
		};
		7B9B3593457564168CDBE3B5 /* Pods */ = {
			isa = PBXGroup;
			children = (
				D2DF2A4FF6AD039187997DF3 /* Pods-MVVMTVShow.debug.xcconfig */,
				F286285E0C0D2ED7DF46539B /* Pods-MVVMTVShow.release.xcconfig */,
			);
			path = Pods;
			sourceTree = "<group>";
		};
		9DA7BC52257942E500BC81E2 = {
			isa = PBXGroup;
			children = (
				9DA7BC5D257942E600BC81E2 /* MVVMTVShow */,
				9DA7BC5C257942E600BC81E2 /* Products */,
				7B9B3593457564168CDBE3B5 /* Pods */,
				174A59EF4031053E0ECD9390 /* Frameworks */,
			);
			sourceTree = "<group>";
		};
		9DA7BC5C257942E600BC81E2 /* Products */ = {
			isa = PBXGroup;
			children = (
				9DA7BC5B257942E600BC81E2 /* MVVMTVShow.app */,
			);
			name = Products;
			sourceTree = "<group>";
		};
		9DA7BC5D257942E600BC81E2 /* MVVMTVShow */ = {
			isa = PBXGroup;
			children = (
				9DA7BC89257A51DE00BC81E2 /* Application */,
				9DA7BC7D25794BD500BC81E2 /* Utils */,
				9DA7BC7A25794B5800BC81E2 /* Network */,
				9DA7BC75257944E600BC81E2 /* Main */,
				9DA7BC8A257A51EE00BC81E2 /* Resources */,
			);
			path = MVVMTVShow;
			sourceTree = "<group>";
		};
		9DA7BC722579444800BC81E2 /* Model */ = {
			isa = PBXGroup;
			children = (
				9DA7BC762579452000BC81E2 /* Movie.swift */,
			);
			path = Model;
			sourceTree = "<group>";
		};
		9DA7BC732579445C00BC81E2 /* View */ = {
			isa = PBXGroup;
			children = (
				9DA7BC62257942E600BC81E2 /* MoviesViewController.swift */,
				9DA7BC872579748200BC81E2 /* OneMovieViewController.swift */,
				9DA7BC8025794C7B00BC81E2 /* Cell */,
			);
			path = View;
			sourceTree = "<group>";
		};
		9DA7BC742579446700BC81E2 /* ViewModel */ = {
			isa = PBXGroup;
			children = (
				9DA7BC782579474E00BC81E2 /* ViewModelMovie.swift */,
			);
			path = ViewModel;
			sourceTree = "<group>";
		};
		9DA7BC75257944E600BC81E2 /* Main */ = {
			isa = PBXGroup;
			children = (
				9DA7BC722579444800BC81E2 /* Model */,
				9DA7BC732579445C00BC81E2 /* View */,
				9DA7BC742579446700BC81E2 /* ViewModel */,
			);
			path = Main;
			sourceTree = "<group>";
		};
		9DA7BC7A25794B5800BC81E2 /* Network */ = {
			isa = PBXGroup;
			children = (
				9DA7BC7B25794B9000BC81E2 /* TVShowAPI.swift */,
			);
			path = Network;
			sourceTree = "<group>";
		};
		9DA7BC7D25794BD500BC81E2 /* Utils */ = {
			isa = PBXGroup;
			children = (
				9DA7BC7E25794C1700BC81E2 /* String + Extension.swift */,
			);
			path = Utils;
			sourceTree = "<group>";
		};
		9DA7BC8025794C7B00BC81E2 /* Cell */ = {
			isa = PBXGroup;
			children = (
				9DA7BC8125794CDC00BC81E2 /* CustomTableViewCell.swift */,
				9DA7BC8225794CDC00BC81E2 /* CustomTableViewCell.xib */,
			);
			path = Cell;
			sourceTree = "<group>";
		};
		9DA7BC89257A51DE00BC81E2 /* Application */ = {
			isa = PBXGroup;
			children = (
				9DA7BC60257942E600BC81E2 /* SceneDelegate.swift */,
				9DA7BC5E257942E600BC81E2 /* AppDelegate.swift */,
				9DA7BC6C257942E800BC81E2 /* Info.plist */,
			);
			path = Application;
			sourceTree = "<group>";
		};
		9DA7BC8A257A51EE00BC81E2 /* Resources */ = {
			isa = PBXGroup;
			children = (
				9DA7BC64257942E600BC81E2 /* Main.storyboard */,
				9DA7BC69257942E800BC81E2 /* LaunchScreen.storyboard */,
				9DA7BC67257942E800BC81E2 /* Assets.xcassets */,
			);
			path = Resources;
			sourceTree = "<group>";
		};
/* End PBXGroup section */

/* Begin PBXNativeTarget section */
		9DA7BC5A257942E600BC81E2 /* MVVMTVShow */ = {
			isa = PBXNativeTarget;
			buildConfigurationList = 9DA7BC6F257942E800BC81E2 /* Build configuration list for PBXNativeTarget "MVVMTVShow" */;
			buildPhases = (
				C1AEA3BC29FB3448A813E441 /* [CP] Check Pods Manifest.lock */,
				9DA7BC57257942E600BC81E2 /* Sources */,
				9DA7BC58257942E600BC81E2 /* Frameworks */,
				9DA7BC59257942E600BC81E2 /* Resources */,
				8CEF140C0D44DE2499166EFF /* [CP] Embed Pods Frameworks */,
			);
			buildRules = (
			);
			dependencies = (
			);
			name = MVVMTVShow;
			productName = MVVMTVShow;
			productReference = 9DA7BC5B257942E600BC81E2 /* MVVMTVShow.app */;
			productType = "com.apple.product-type.application";
		};
/* End PBXNativeTarget section */

/* Begin PBXProject section */
		9DA7BC53257942E500BC81E2 /* Project object */ = {
			isa = PBXProject;
			attributes = {
				LastSwiftUpdateCheck = 1170;
				LastUpgradeCheck = 1170;
				ORGANIZATIONNAME = "Jordi Milla Catalan";
				TargetAttributes = {
					9DA7BC5A257942E600BC81E2 = {
						CreatedOnToolsVersion = 11.7;
					};
				};
			};
			buildConfigurationList = 9DA7BC56257942E500BC81E2 /* Build configuration list for PBXProject "MVVMTVShow" */;
			compatibilityVersion = "Xcode 9.3";
			developmentRegion = en;
			hasScannedForEncodings = 0;
			knownRegions = (
				en,
				Base,
			);
			mainGroup = 9DA7BC52257942E500BC81E2;
			productRefGroup = 9DA7BC5C257942E600BC81E2 /* Products */;
			projectDirPath = "";
			projectRoot = "";
			targets = (
				9DA7BC5A257942E600BC81E2 /* MVVMTVShow */,
			);
		};
/* End PBXProject section */

/* Begin PBXResourcesBuildPhase section */
		9DA7BC59257942E600BC81E2 /* Resources */ = {
			isa = PBXResourcesBuildPhase;
			buildActionMask = 2147483647;
			files = (
				9DA7BC6B257942E800BC81E2 /* LaunchScreen.storyboard in Resources */,
				9DA7BC68257942E800BC81E2 /* Assets.xcassets in Resources */,
				9DA7BC8425794CDC00BC81E2 /* CustomTableViewCell.xib in Resources */,
				9DA7BC66257942E600BC81E2 /* Main.storyboard in Resources */,
			);
			runOnlyForDeploymentPostprocessing = 0;
		};
/* End PBXResourcesBuildPhase section */

/* Begin PBXShellScriptBuildPhase section */
		8CEF140C0D44DE2499166EFF /* [CP] Embed Pods Frameworks */ = {
			isa = PBXShellScriptBuildPhase;
			buildActionMask = 2147483647;
			files = (
			);
			inputFileListPaths = (
				"${PODS_ROOT}/Target Support Files/Pods-MVVMTVShow/Pods-MVVMTVShow-frameworks-${CONFIGURATION}-input-files.xcfilelist",
			);
			name = "[CP] Embed Pods Frameworks";
			outputFileListPaths = (
				"${PODS_ROOT}/Target Support Files/Pods-MVVMTVShow/Pods-MVVMTVShow-frameworks-${CONFIGURATION}-output-files.xcfilelist",
			);
			runOnlyForDeploymentPostprocessing = 0;
			shellPath = /bin/sh;
			shellScript = "\"${PODS_ROOT}/Target Support Files/Pods-MVVMTVShow/Pods-MVVMTVShow-frameworks.sh\"\n";
			showEnvVarsInLog = 0;
		};
		C1AEA3BC29FB3448A813E441 /* [CP] Check Pods Manifest.lock */ = {
			isa = PBXShellScriptBuildPhase;
			buildActionMask = 2147483647;
			files = (
			);
			inputFileListPaths = (
			);
			inputPaths = (
				"${PODS_PODFILE_DIR_PATH}/Podfile.lock",
				"${PODS_ROOT}/Manifest.lock",
			);
			name = "[CP] Check Pods Manifest.lock";
			outputFileListPaths = (
			);
			outputPaths = (
				"$(DERIVED_FILE_DIR)/Pods-MVVMTVShow-checkManifestLockResult.txt",
			);
			runOnlyForDeploymentPostprocessing = 0;
			shellPath = /bin/sh;
			shellScript = "diff \"${PODS_PODFILE_DIR_PATH}/Podfile.lock\" \"${PODS_ROOT}/Manifest.lock\" > /dev/null\nif [ $? != 0 ] ; then\n    # print error to STDERR\n    echo \"error: The sandbox is not in sync with the Podfile.lock. Run 'pod install' or update your CocoaPods installation.\" >&2\n    exit 1\nfi\n# This output is used by Xcode 'outputs' to avoid re-running this script phase.\necho \"SUCCESS\" > \"${SCRIPT_OUTPUT_FILE_0}\"\n";
			showEnvVarsInLog = 0;
		};
/* End PBXShellScriptBuildPhase section */

/* Begin PBXSourcesBuildPhase section */
		9DA7BC57257942E600BC81E2 /* Sources */ = {
			isa = PBXSourcesBuildPhase;
			buildActionMask = 2147483647;
			files = (
				9DA7BC792579474E00BC81E2 /* ViewModelMovie.swift in Sources */,
				9DA7BC7C25794B9000BC81E2 /* TVShowAPI.swift in Sources */,
				9DA7BC8325794CDC00BC81E2 /* CustomTableViewCell.swift in Sources */,
				9DA7BC7F25794C1700BC81E2 /* String + Extension.swift in Sources */,
				9DA7BC772579452000BC81E2 /* Movie.swift in Sources */,
				9DA7BC63257942E600BC81E2 /* MoviesViewController.swift in Sources */,
				9DA7BC5F257942E600BC81E2 /* AppDelegate.swift in Sources */,
				9DA7BC882579748200BC81E2 /* OneMovieViewController.swift in Sources */,
				9DA7BC61257942E600BC81E2 /* SceneDelegate.swift in Sources */,
			);
			runOnlyForDeploymentPostprocessing = 0;
		};
/* End PBXSourcesBuildPhase section */

/* Begin PBXVariantGroup section */
		9DA7BC64257942E600BC81E2 /* Main.storyboard */ = {
			isa = PBXVariantGroup;
			children = (
				9DA7BC65257942E600BC81E2 /* Base */,
			);
			name = Main.storyboard;
			sourceTree = "<group>";
		};
		9DA7BC69257942E800BC81E2 /* LaunchScreen.storyboard */ = {
			isa = PBXVariantGroup;
			children = (
				9DA7BC6A257942E800BC81E2 /* Base */,
			);
			name = LaunchScreen.storyboard;
			sourceTree = "<group>";
		};
/* End PBXVariantGroup section */

/* Begin XCBuildConfiguration section */
		9DA7BC6D257942E800BC81E2 /* Debug */ = {
			isa = XCBuildConfiguration;
			buildSettings = {
				ALWAYS_SEARCH_USER_PATHS = NO;
				CLANG_ANALYZER_NONNULL = YES;
				CLANG_ANALYZER_NUMBER_OBJECT_CONVERSION = YES_AGGRESSIVE;
				CLANG_CXX_LANGUAGE_STANDARD = "gnu++14";
				CLANG_CXX_LIBRARY = "libc++";
				CLANG_ENABLE_MODULES = YES;
				CLANG_ENABLE_OBJC_ARC = YES;
				CLANG_ENABLE_OBJC_WEAK = YES;
				CLANG_WARN_BLOCK_CAPTURE_AUTORELEASING = YES;
				CLANG_WARN_BOOL_CONVERSION = YES;
				CLANG_WARN_COMMA = YES;
				CLANG_WARN_CONSTANT_CONVERSION = YES;
				CLANG_WARN_DEPRECATED_OBJC_IMPLEMENTATIONS = YES;
				CLANG_WARN_DIRECT_OBJC_ISA_USAGE = YES_ERROR;
				CLANG_WARN_DOCUMENTATION_COMMENTS = YES;
				CLANG_WARN_EMPTY_BODY = YES;
				CLANG_WARN_ENUM_CONVERSION = YES;
				CLANG_WARN_INFINITE_RECURSION = YES;
				CLANG_WARN_INT_CONVERSION = YES;
				CLANG_WARN_NON_LITERAL_NULL_CONVERSION = YES;
				CLANG_WARN_OBJC_IMPLICIT_RETAIN_SELF = YES;
				CLANG_WARN_OBJC_LITERAL_CONVERSION = YES;
				CLANG_WARN_OBJC_ROOT_CLASS = YES_ERROR;
				CLANG_WARN_RANGE_LOOP_ANALYSIS = YES;
				CLANG_WARN_STRICT_PROTOTYPES = YES;
				CLANG_WARN_SUSPICIOUS_MOVE = YES;
				CLANG_WARN_UNGUARDED_AVAILABILITY = YES_AGGRESSIVE;
				CLANG_WARN_UNREACHABLE_CODE = YES;
				CLANG_WARN__DUPLICATE_METHOD_MATCH = YES;
				COPY_PHASE_STRIP = NO;
				DEBUG_INFORMATION_FORMAT = dwarf;
				ENABLE_STRICT_OBJC_MSGSEND = YES;
				ENABLE_TESTABILITY = YES;
				GCC_C_LANGUAGE_STANDARD = gnu11;
				GCC_DYNAMIC_NO_PIC = NO;
				GCC_NO_COMMON_BLOCKS = YES;
				GCC_OPTIMIZATION_LEVEL = 0;
				GCC_PREPROCESSOR_DEFINITIONS = (
					"DEBUG=1",
					"$(inherited)",
				);
				GCC_WARN_64_TO_32_BIT_CONVERSION = YES;
				GCC_WARN_ABOUT_RETURN_TYPE = YES_ERROR;
				GCC_WARN_UNDECLARED_SELECTOR = YES;
				GCC_WARN_UNINITIALIZED_AUTOS = YES_AGGRESSIVE;
				GCC_WARN_UNUSED_FUNCTION = YES;
				GCC_WARN_UNUSED_VARIABLE = YES;
				IPHONEOS_DEPLOYMENT_TARGET = 13.7;
				MTL_ENABLE_DEBUG_INFO = INCLUDE_SOURCE;
				MTL_FAST_MATH = YES;
				ONLY_ACTIVE_ARCH = YES;
				SDKROOT = iphoneos;
				SWIFT_ACTIVE_COMPILATION_CONDITIONS = DEBUG;
				SWIFT_OPTIMIZATION_LEVEL = "-Onone";
			};
			name = Debug;
		};
		9DA7BC6E257942E800BC81E2 /* Release */ = {
			isa = XCBuildConfiguration;
			buildSettings = {
				ALWAYS_SEARCH_USER_PATHS = NO;
				CLANG_ANALYZER_NONNULL = YES;
				CLANG_ANALYZER_NUMBER_OBJECT_CONVERSION = YES_AGGRESSIVE;
				CLANG_CXX_LANGUAGE_STANDARD = "gnu++14";
				CLANG_CXX_LIBRARY = "libc++";
				CLANG_ENABLE_MODULES = YES;
				CLANG_ENABLE_OBJC_ARC = YES;
				CLANG_ENABLE_OBJC_WEAK = YES;
				CLANG_WARN_BLOCK_CAPTURE_AUTORELEASING = YES;
				CLANG_WARN_BOOL_CONVERSION = YES;
				CLANG_WARN_COMMA = YES;
				CLANG_WARN_CONSTANT_CONVERSION = YES;
				CLANG_WARN_DEPRECATED_OBJC_IMPLEMENTATIONS = YES;
				CLANG_WARN_DIRECT_OBJC_ISA_USAGE = YES_ERROR;
				CLANG_WARN_DOCUMENTATION_COMMENTS = YES;
				CLANG_WARN_EMPTY_BODY = YES;
				CLANG_WARN_ENUM_CONVERSION = YES;
				CLANG_WARN_INFINITE_RECURSION = YES;
				CLANG_WARN_INT_CONVERSION = YES;
				CLANG_WARN_NON_LITERAL_NULL_CONVERSION = YES;
				CLANG_WARN_OBJC_IMPLICIT_RETAIN_SELF = YES;
				CLANG_WARN_OBJC_LITERAL_CONVERSION = YES;
				CLANG_WARN_OBJC_ROOT_CLASS = YES_ERROR;
				CLANG_WARN_RANGE_LOOP_ANALYSIS = YES;
				CLANG_WARN_STRICT_PROTOTYPES = YES;
				CLANG_WARN_SUSPICIOUS_MOVE = YES;
				CLANG_WARN_UNGUARDED_AVAILABILITY = YES_AGGRESSIVE;
				CLANG_WARN_UNREACHABLE_CODE = YES;
				CLANG_WARN__DUPLICATE_METHOD_MATCH = YES;
				COPY_PHASE_STRIP = NO;
				DEBUG_INFORMATION_FORMAT = "dwarf-with-dsym";
				ENABLE_NS_ASSERTIONS = NO;
				ENABLE_STRICT_OBJC_MSGSEND = YES;
				GCC_C_LANGUAGE_STANDARD = gnu11;
				GCC_NO_COMMON_BLOCKS = YES;
				GCC_WARN_64_TO_32_BIT_CONVERSION = YES;
				GCC_WARN_ABOUT_RETURN_TYPE = YES_ERROR;
				GCC_WARN_UNDECLARED_SELECTOR = YES;
				GCC_WARN_UNINITIALIZED_AUTOS = YES_AGGRESSIVE;
				GCC_WARN_UNUSED_FUNCTION = YES;
				GCC_WARN_UNUSED_VARIABLE = YES;
				IPHONEOS_DEPLOYMENT_TARGET = 13.7;
				MTL_ENABLE_DEBUG_INFO = NO;
				MTL_FAST_MATH = YES;
				SDKROOT = iphoneos;
				SWIFT_COMPILATION_MODE = wholemodule;
				SWIFT_OPTIMIZATION_LEVEL = "-O";
				VALIDATE_PRODUCT = YES;
			};
			name = Release;
		};
		9DA7BC70257942E800BC81E2 /* Debug */ = {
			isa = XCBuildConfiguration;
			baseConfigurationReference = D2DF2A4FF6AD039187997DF3 /* Pods-MVVMTVShow.debug.xcconfig */;
			buildSettings = {
				ASSETCATALOG_COMPILER_APPICON_NAME = AppIcon;
				CODE_SIGN_STYLE = Automatic;
				INFOPLIST_FILE = MVVMTVShow/Application/Info.plist;
				LD_RUNPATH_SEARCH_PATHS = (
					"$(inherited)",
					"@executable_path/Frameworks",
				);
				PRODUCT_BUNDLE_IDENTIFIER = com.jordi.benavides.MVVMTVShow;
				PRODUCT_NAME = "$(TARGET_NAME)";
				SWIFT_VERSION = 5.0;
				TARGETED_DEVICE_FAMILY = "1,2";
			};
			name = Debug;
		};
		9DA7BC71257942E800BC81E2 /* Release */ = {
			isa = XCBuildConfiguration;
			baseConfigurationReference = F286285E0C0D2ED7DF46539B /* Pods-MVVMTVShow.release.xcconfig */;
			buildSettings = {
				ASSETCATALOG_COMPILER_APPICON_NAME = AppIcon;
				CODE_SIGN_STYLE = Automatic;
				INFOPLIST_FILE = MVVMTVShow/Application/Info.plist;
				LD_RUNPATH_SEARCH_PATHS = (
					"$(inherited)",
					"@executable_path/Frameworks",
				);
				PRODUCT_BUNDLE_IDENTIFIER = com.jordi.benavides.MVVMTVShow;
				PRODUCT_NAME = "$(TARGET_NAME)";
				SWIFT_VERSION = 5.0;
				TARGETED_DEVICE_FAMILY = "1,2";
			};
			name = Release;
		};
/* End XCBuildConfiguration section */

/* Begin XCConfigurationList section */
		9DA7BC56257942E500BC81E2 /* Build configuration list for PBXProject "MVVMTVShow" */ = {
			isa = XCConfigurationList;
			buildConfigurations = (
				9DA7BC6D257942E800BC81E2 /* Debug */,
				9DA7BC6E257942E800BC81E2 /* Release */,
			);
			defaultConfigurationIsVisible = 0;
			defaultConfigurationName = Release;
		};
		9DA7BC6F257942E800BC81E2 /* Build configuration list for PBXNativeTarget "MVVMTVShow" */ = {
			isa = XCConfigurationList;
			buildConfigurations = (
				9DA7BC70257942E800BC81E2 /* Debug */,
				9DA7BC71257942E800BC81E2 /* Release */,
			);
			defaultConfigurationIsVisible = 0;
			defaultConfigurationName = Release;
		};
/* End XCConfigurationList section */
	};
	rootObject = 9DA7BC53257942E500BC81E2 /* Project object */;
}
